
Microsoft Visual Studio Solution File, Format Version 12.00
Project("{FAE04EC0-301F-11D3-BF4B-00C04F79EFBC}") = "Result", "Result\Result.csproj", "{0ED29003-CDFE-4BBD-B336-914129608B09}"
EndProject
Project("{FAE04EC0-301F-11D3-BF4B-00C04F79EFBC}") = "Result.Tests", "Result.Tests\Result.Tests.csproj", "{152F63E6-25EB-45B1-968E-95251BF90725}"
EndProject
Global
	GlobalSection(SolutionConfigurationPlatforms) = preSolution
		Debug|Any CPU = Debug|Any CPU
		Release|Any CPU = Release|Any CPU
	EndGlobalSection
	GlobalSection(ProjectConfigurationPlatforms) = postSolution
		{0ED29003-CDFE-4BBD-B336-914129608B09}.Debug|Any CPU.ActiveCfg = Debug|Any CPU
		{0ED29003-CDFE-4BBD-B336-914129608B09}.Debug|Any CPU.Build.0 = Debug|Any CPU
		{0ED29003-CDFE-4BBD-B336-914129608B09}.Release|Any CPU.ActiveCfg = Release|Any CPU
		{0ED29003-CDFE-4BBD-B336-914129608B09}.Release|Any CPU.Build.0 = Release|Any CPU
		{152F63E6-25EB-45B1-968E-95251BF90725}.Debug|Any CPU.ActiveCfg = Debug|Any CPU
		{152F63E6-25EB-45B1-968E-95251BF90725}.Debug|Any CPU.Build.0 = Debug|Any CPU
		{152F63E6-25EB-45B1-968E-95251BF90725}.Release|Any CPU.ActiveCfg = Release|Any CPU
		{152F63E6-25EB-45B1-968E-95251BF90725}.Release|Any CPU.Build.0 = Release|Any CPU
	EndGlobalSection
EndGlobal
